
Microsoft Visual Studio Solution File, Format Version 12.00
# Visual Studio Version 16
VisualStudioVersion = 16.0.30711.63
MinimumVisualStudioVersion = 10.0.40219.1
Project("{FAE04EC0-301F-11D3-BF4B-00C04F79EFBC}") = "WebApi", "WebApi\WebApi.csproj", "{81FA9AED-1B41-48EF-89EC-61E87410FCD3}"
EndProject
Global
	GlobalSection(SolutionConfigurationPlatforms) = preSolution
		Debug|Any CPU = Debug|Any CPU
		Release|Any CPU = Release|Any CPU
	EndGlobalSection
	GlobalSection(ProjectConfigurationPlatforms) = postSolution
		{81FA9AED-1B41-48EF-89EC-61E87410FCD3}.Debug|Any CPU.ActiveCfg = Debug|Any CPU
		{81FA9AED-1B41-48EF-89EC-61E87410FCD3}.Debug|Any CPU.Build.0 = Debug|Any CPU
		{81FA9AED-1B41-48EF-89EC-61E87410FCD3}.Release|Any CPU.ActiveCfg = Release|Any CPU
		{81FA9AED-1B41-48EF-89EC-61E87410FCD3}.Release|Any CPU.Build.0 = Release|Any CPU
	EndGlobalSection
	GlobalSection(SolutionProperties) = preSolution
		HideSolutionNode = FALSE
	EndGlobalSection
	GlobalSection(ExtensibilityGlobals) = postSolution
		SolutionGuid = {922D1BB5-EFA5-49F9-81BA-DC30933127AE}
	EndGlobalSection
EndGlobal
